
Microsoft Visual Studio Solution File, Format Version 12.00
Project("{FAE04EC0-301F-11D3-BF4B-00C04F79EFBC}") = "CoinDesk.API", "CoinDesk.API\CoinDesk.API.csproj", "{3799CADE-9AEE-42C0-94AB-106FBC69A6F9}"
EndProject
Project("{FAE04EC0-301F-11D3-BF4B-00C04F79EFBC}") = "CoinDesk.Model", "CoinDesk.Model\CoinDesk.Model.csproj", "{11A60F98-0EFE-460F-AA39-0A22253D1934}"
EndProject
Project("{FAE04EC0-301F-11D3-BF4B-00C04F79EFBC}") = "CoinDesk.Domain", "CoinDesk.Domain\CoinDesk.Domain.csproj", "{1D48C38D-F5D4-4676-98B2-52DEBBD6796D}"
EndProject
Project("{FAE04EC0-301F-11D3-BF4B-00C04F79EFBC}") = "CoinDesk.Infrastructure", "CoinDesk.Infrastructure\CoinDesk.Infrastructure.csproj", "{D45F2146-C9D0-4F0C-A252-D89440D00B55}"
EndProject
Project("{FAE04EC0-301F-11D3-BF4B-00C04F79EFBC}") = "CodeDesk.Service", "CodeDesk.Service\CodeDesk.Service.csproj", "{BE972A21-592C-42C4-A28A-9F03690481A4}"
EndProject
Project("{2150E333-8FDC-42A3-9474-1A3956D46DE8}") = "Tests", "Tests", "{C24D38E4-BC21-442B-B465-7CA2E307EA7C}"
EndProject
Project("{FAE04EC0-301F-11D3-BF4B-00C04F79EFBC}") = "CoinDeskTests", "CoinDeskTests\CoinDeskTests.csproj", "{0487CB38-6827-47D9-9371-14724836A523}"
EndProject
Global
	GlobalSection(SolutionConfigurationPlatforms) = preSolution
		Debug|Any CPU = Debug|Any CPU
		Release|Any CPU = Release|Any CPU
	EndGlobalSection
	GlobalSection(ProjectConfigurationPlatforms) = postSolution
		{3799CADE-9AEE-42C0-94AB-106FBC69A6F9}.Debug|Any CPU.ActiveCfg = Debug|Any CPU
		{3799CADE-9AEE-42C0-94AB-106FBC69A6F9}.Debug|Any CPU.Build.0 = Debug|Any CPU
		{3799CADE-9AEE-42C0-94AB-106FBC69A6F9}.Release|Any CPU.ActiveCfg = Release|Any CPU
		{3799CADE-9AEE-42C0-94AB-106FBC69A6F9}.Release|Any CPU.Build.0 = Release|Any CPU
		{11A60F98-0EFE-460F-AA39-0A22253D1934}.Debug|Any CPU.ActiveCfg = Debug|Any CPU
		{11A60F98-0EFE-460F-AA39-0A22253D1934}.Debug|Any CPU.Build.0 = Debug|Any CPU
		{11A60F98-0EFE-460F-AA39-0A22253D1934}.Release|Any CPU.ActiveCfg = Release|Any CPU
		{11A60F98-0EFE-460F-AA39-0A22253D1934}.Release|Any CPU.Build.0 = Release|Any CPU
		{1D48C38D-F5D4-4676-98B2-52DEBBD6796D}.Debug|Any CPU.ActiveCfg = Debug|Any CPU
		{1D48C38D-F5D4-4676-98B2-52DEBBD6796D}.Debug|Any CPU.Build.0 = Debug|Any CPU
		{1D48C38D-F5D4-4676-98B2-52DEBBD6796D}.Release|Any CPU.ActiveCfg = Release|Any CPU
		{1D48C38D-F5D4-4676-98B2-52DEBBD6796D}.Release|Any CPU.Build.0 = Release|Any CPU
		{D45F2146-C9D0-4F0C-A252-D89440D00B55}.Debug|Any CPU.ActiveCfg = Debug|Any CPU
		{D45F2146-C9D0-4F0C-A252-D89440D00B55}.Debug|Any CPU.Build.0 = Debug|Any CPU
		{D45F2146-C9D0-4F0C-A252-D89440D00B55}.Release|Any CPU.ActiveCfg = Release|Any CPU
		{D45F2146-C9D0-4F0C-A252-D89440D00B55}.Release|Any CPU.Build.0 = Release|Any CPU
		{BE972A21-592C-42C4-A28A-9F03690481A4}.Debug|Any CPU.ActiveCfg = Debug|Any CPU
		{BE972A21-592C-42C4-A28A-9F03690481A4}.Debug|Any CPU.Build.0 = Debug|Any CPU
		{BE972A21-592C-42C4-A28A-9F03690481A4}.Release|Any CPU.ActiveCfg = Release|Any CPU
		{BE972A21-592C-42C4-A28A-9F03690481A4}.Release|Any CPU.Build.0 = Release|Any CPU
		{0487CB38-6827-47D9-9371-14724836A523}.Debug|Any CPU.ActiveCfg = Debug|Any CPU
		{0487CB38-6827-47D9-9371-14724836A523}.Debug|Any CPU.Build.0 = Debug|Any CPU
		{0487CB38-6827-47D9-9371-14724836A523}.Release|Any CPU.ActiveCfg = Release|Any CPU
		{0487CB38-6827-47D9-9371-14724836A523}.Release|Any CPU.Build.0 = Release|Any CPU
	EndGlobalSection
	GlobalSection(NestedProjects) = preSolution
		{0487CB38-6827-47D9-9371-14724836A523} = {C24D38E4-BC21-442B-B465-7CA2E307EA7C}
	EndGlobalSection
EndGlobal
